{
  "name": "recruitment",
  "lockfileVersion": 3,
  "requires": true,
  "packages": {
    "": {
      "dependencies": {
        "vue-router": "^4.4.3"
      }
    },
    "node_modules/@vue/devtools-api": {
      "version": "6.6.3",
      "resolved": "https://registry.npmjs.org/@vue/devtools-api/-/devtools-api-6.6.3.tgz",
      "integrity": "sha512-0MiMsFma/HqA6g3KLKn+AGpL1kgKhFWszC9U29NfpWK5LE7bjeXxySWJrOJ77hBz+TBrBQ7o4QJqbPbqbs8rJw=="
    },
    "node_modules/vue-router": {
      "version": "4.4.3",
      "resolved": "https://registry.npmjs.org/vue-router/-/vue-router-4.4.3.tgz",
      "integrity": "sha512-sv6wmNKx2j3aqJQDMxLFzs/u/mjA9Z5LCgy6BE0f7yFWMjrPLnS/sPNn8ARY/FXw6byV18EFutn5lTO6+UsV5A==",
      "dependencies": {
        "@vue/devtools-api": "^6.6.3"
      },
      "funding": {
        "url": "https://github.com/sponsors/posva"
      },
      "peerDependencies": {
        "vue": "^3.2.0"
      }
    }
  }
}
